// !$*UTF8*$!
{
	archiveVersion = 1;
	classes = {
	};
	objectVersion = 46;
	objects = {

/* Begin PBXBuildFile section */
		570768AC1BF1DB4F00A5D7A3 /* main.m in Sources */ = {isa = PBXBuildFile; fileRef = 570768AB1BF1DB4F00A5D7A3 /* main.m */; };
		570768AF1BF1DB4F00A5D7A3 /* AppDelegate.m in Sources */ = {isa = PBXBuildFile; fileRef = 570768AE1BF1DB4F00A5D7A3 /* AppDelegate.m */; };
		570768B21BF1DB4F00A5D7A3 /* ViewController.m in Sources */ = {isa = PBXBuildFile; fileRef = 570768B11BF1DB4F00A5D7A3 /* ViewController.m */; };
		570768B51BF1DB4F00A5D7A3 /* Main.storyboard in Resources */ = {isa = PBXBuildFile; fileRef = 570768B31BF1DB4F00A5D7A3 /* Main.storyboard */; };
		570768B71BF1DB4F00A5D7A3 /* Images.xcassets in Resources */ = {isa = PBXBuildFile; fileRef = 570768B61BF1DB4F00A5D7A3 /* Images.xcassets */; };
		570768BA1BF1DB4F00A5D7A3 /* LaunchScreen.xib in Resources */ = {isa = PBXBuildFile; fileRef = 570768B81BF1DB4F00A5D7A3 /* LaunchScreen.xib */; };
		570768C61BF1DB4F00A5D7A3 /* LazyLoadingPageControlNavigationTests.m in Sources */ = {isa = PBXBuildFile; fileRef = 570768C51BF1DB4F00A5D7A3 /* LazyLoadingPageControlNavigationTests.m */; };
		570768D31BF1E1C900A5D7A3 /* 保罗克利-肖像.png in Resources */ = {isa = PBXBuildFile; fileRef = 570768D01BF1E1C900A5D7A3 /* 保罗克利-肖像.png */; };
		570768D41BF1E1C900A5D7A3 /* 罗丹-思想者.png in Resources */ = {isa = PBXBuildFile; fileRef = 570768D11BF1E1C900A5D7A3 /* 罗丹-思想者.png */; };
		570768D51BF1E1C900A5D7A3 /* 达芬奇-蒙娜丽莎.png in Resources */ = {isa = PBXBuildFile; fileRef = 570768D21BF1E1C900A5D7A3 /* 达芬奇-蒙娜丽莎.png */; };
/* End PBXBuildFile section */

/* Begin PBXContainerItemProxy section */
		570768C01BF1DB4F00A5D7A3 /* PBXContainerItemProxy */ = {
			isa = PBXContainerItemProxy;
			containerPortal = 5707689E1BF1DB4F00A5D7A3 /* Project object */;
			proxyType = 1;
			remoteGlobalIDString = 570768A51BF1DB4F00A5D7A3;
			remoteInfo = LazyLoadingPageControlNavigation;
		};
/* End PBXContainerItemProxy section */

/* Begin PBXFileReference section */
		570768A61BF1DB4F00A5D7A3 /* LazyLoadingPageControlNavigation.app */ = {isa = PBXFileReference; explicitFileType = wrapper.application; includeInIndex = 0; path = LazyLoadingPageControlNavigation.app; sourceTree = BUILT_PRODUCTS_DIR; };
		570768AA1BF1DB4F00A5D7A3 /* Info.plist */ = {isa = PBXFileReference; lastKnownFileType = text.plist.xml; path = Info.plist; sourceTree = "<group>"; };
		570768AB1BF1DB4F00A5D7A3 /* main.m */ = {isa = PBXFileReference; lastKnownFileType = sourcecode.c.objc; path = main.m; sourceTree = "<group>"; };
		570768AD1BF1DB4F00A5D7A3 /* AppDelegate.h */ = {isa = PBXFileReference; lastKnownFileType = sourcecode.c.h; path = AppDelegate.h; sourceTree = "<group>"; };
		570768AE1BF1DB4F00A5D7A3 /* AppDelegate.m */ = {isa = PBXFileReference; lastKnownFileType = sourcecode.c.objc; path = AppDelegate.m; sourceTree = "<group>"; };
		570768B01BF1DB4F00A5D7A3 /* ViewController.h */ = {isa = PBXFileReference; lastKnownFileType = sourcecode.c.h; path = ViewController.h; sourceTree = "<group>"; };
		570768B11BF1DB4F00A5D7A3 /* ViewController.m */ = {isa = PBXFileReference; lastKnownFileType = sourcecode.c.objc; path = ViewController.m; sourceTree = "<group>"; };
		570768B41BF1DB4F00A5D7A3 /* Base */ = {isa = PBXFileReference; lastKnownFileType = file.storyboard; name = Base; path = Base.lproj/Main.storyboard; sourceTree = "<group>"; };
		570768B61BF1DB4F00A5D7A3 /* Images.xcassets */ = {isa = PBXFileReference; lastKnownFileType = folder.assetcatalog; path = Images.xcassets; sourceTree = "<group>"; };
		570768B91BF1DB4F00A5D7A3 /* Base */ = {isa = PBXFileReference; lastKnownFileType = file.xib; name = Base; path = Base.lproj/LaunchScreen.xib; sourceTree = "<group>"; };
		570768BF1BF1DB4F00A5D7A3 /* LazyLoadingPageControlNavigationTests.xctest */ = {isa = PBXFileReference; explicitFileType = wrapper.cfbundle; includeInIndex = 0; path = LazyLoadingPageControlNavigationTests.xctest; sourceTree = BUILT_PRODUCTS_DIR; };
		570768C41BF1DB4F00A5D7A3 /* Info.plist */ = {isa = PBXFileReference; lastKnownFileType = text.plist.xml; path = Info.plist; sourceTree = "<group>"; };
		570768C51BF1DB4F00A5D7A3 /* LazyLoadingPageControlNavigationTests.m */ = {isa = PBXFileReference; lastKnownFileType = sourcecode.c.objc; path = LazyLoadingPageControlNavigationTests.m; sourceTree = "<group>"; };
		570768D01BF1E1C900A5D7A3 /* 保罗克利-肖像.png */ = {isa = PBXFileReference; lastKnownFileType = image.png; path = "保罗克利-肖像.png"; sourceTree = "<group>"; };
		570768D11BF1E1C900A5D7A3 /* 罗丹-思想者.png */ = {isa = PBXFileReference; lastKnownFileType = image.png; path = "罗丹-思想者.png"; sourceTree = "<group>"; };
		570768D21BF1E1C900A5D7A3 /* 达芬奇-蒙娜丽莎.png */ = {isa = PBXFileReference; lastKnownFileType = image.png; path = "达芬奇-蒙娜丽莎.png"; sourceTree = "<group>"; };
/* End PBXFileReference section */

/* Begin PBXFrameworksBuildPhase section */
		570768A31BF1DB4F00A5D7A3 /* Frameworks */ = {
			isa = PBXFrameworksBuildPhase;
			buildActionMask = 2147483647;
			files = (
			);
			runOnlyForDeploymentPostprocessing = 0;
		};
		570768BC1BF1DB4F00A5D7A3 /* Frameworks */ = {
			isa = PBXFrameworksBuildPhase;
			buildActionMask = 2147483647;
			files = (
			);
			runOnlyForDeploymentPostprocessing = 0;
		};
/* End PBXFrameworksBuildPhase section */

/* Begin PBXGroup section */
		5707689D1BF1DB4F00A5D7A3 = {
			isa = PBXGroup;
			children = (
				570768A81BF1DB4F00A5D7A3 /* LazyLoadingPageControlNavigation */,
				570768C21BF1DB4F00A5D7A3 /* LazyLoadingPageControlNavigationTests */,
				570768A71BF1DB4F00A5D7A3 /* Products */,
			);
			sourceTree = "<group>";
		};
		570768A71BF1DB4F00A5D7A3 /* Products */ = {
			isa = PBXGroup;
			children = (
				570768A61BF1DB4F00A5D7A3 /* LazyLoadingPageControlNavigation.app */,
				570768BF1BF1DB4F00A5D7A3 /* LazyLoadingPageControlNavigationTests.xctest */,
			);
			name = Products;
			sourceTree = "<group>";
		};
		570768A81BF1DB4F00A5D7A3 /* LazyLoadingPageControlNavigation */ = {
			isa = PBXGroup;
			children = (
				570768CF1BF1E1C900A5D7A3 /* images */,
				570768AD1BF1DB4F00A5D7A3 /* AppDelegate.h */,
				570768AE1BF1DB4F00A5D7A3 /* AppDelegate.m */,
				570768B01BF1DB4F00A5D7A3 /* ViewController.h */,
				570768B11BF1DB4F00A5D7A3 /* ViewController.m */,
				570768B31BF1DB4F00A5D7A3 /* Main.storyboard */,
				570768B61BF1DB4F00A5D7A3 /* Images.xcassets */,
				570768B81BF1DB4F00A5D7A3 /* LaunchScreen.xib */,
				570768A91BF1DB4F00A5D7A3 /* Supporting Files */,
			);
			path = LazyLoadingPageControlNavigation;
			sourceTree = "<group>";
		};
		570768A91BF1DB4F00A5D7A3 /* Supporting Files */ = {
			isa = PBXGroup;
			children = (
				570768AA1BF1DB4F00A5D7A3 /* Info.plist */,
				570768AB1BF1DB4F00A5D7A3 /* main.m */,
			);
			name = "Supporting Files";
			sourceTree = "<group>";
		};
		570768C21BF1DB4F00A5D7A3 /* LazyLoadingPageControlNavigationTests */ = {
			isa = PBXGroup;
			children = (
				570768C51BF1DB4F00A5D7A3 /* LazyLoadingPageControlNavigationTests.m */,
				570768C31BF1DB4F00A5D7A3 /* Supporting Files */,
			);
			path = LazyLoadingPageControlNavigationTests;
			sourceTree = "<group>";
		};
		570768C31BF1DB4F00A5D7A3 /* Supporting Files */ = {
			isa = PBXGroup;
			children = (
				570768C41BF1DB4F00A5D7A3 /* Info.plist */,
			);
			name = "Supporting Files";
			sourceTree = "<group>";
		};
		570768CF1BF1E1C900A5D7A3 /* images */ = {
			isa = PBXGroup;
			children = (
				570768D01BF1E1C900A5D7A3 /* 保罗克利-肖像.png */,
				570768D11BF1E1C900A5D7A3 /* 罗丹-思想者.png */,
				570768D21BF1E1C900A5D7A3 /* 达芬奇-蒙娜丽莎.png */,
			);
			path = images;
			sourceTree = "<group>";
		};
/* End PBXGroup section */

/* Begin PBXNativeTarget section */
		570768A51BF1DB4F00A5D7A3 /* LazyLoadingPageControlNavigation */ = {
			isa = PBXNativeTarget;
			buildConfigurationList = 570768C91BF1DB4F00A5D7A3 /* Build configuration list for PBXNativeTarget "LazyLoadingPageControlNavigation" */;
			buildPhases = (
				570768A21BF1DB4F00A5D7A3 /* Sources */,
				570768A31BF1DB4F00A5D7A3 /* Frameworks */,
				570768A41BF1DB4F00A5D7A3 /* Resources */,
			);
			buildRules = (
			);
			dependencies = (
			);
			name = LazyLoadingPageControlNavigation;
			productName = LazyLoadingPageControlNavigation;
			productReference = 570768A61BF1DB4F00A5D7A3 /* LazyLoadingPageControlNavigation.app */;
			productType = "com.apple.product-type.application";
		};
		570768BE1BF1DB4F00A5D7A3 /* LazyLoadingPageControlNavigationTests */ = {
			isa = PBXNativeTarget;
			buildConfigurationList = 570768CC1BF1DB4F00A5D7A3 /* Build configuration list for PBXNativeTarget "LazyLoadingPageControlNavigationTests" */;
			buildPhases = (
				570768BB1BF1DB4F00A5D7A3 /* Sources */,
				570768BC1BF1DB4F00A5D7A3 /* Frameworks */,
				570768BD1BF1DB4F00A5D7A3 /* Resources */,
			);
			buildRules = (
			);
			dependencies = (
				570768C11BF1DB4F00A5D7A3 /* PBXTargetDependency */,
			);
			name = LazyLoadingPageControlNavigationTests;
			productName = LazyLoadingPageControlNavigationTests;
			productReference = 570768BF1BF1DB4F00A5D7A3 /* LazyLoadingPageControlNavigationTests.xctest */;
			productType = "com.apple.product-type.bundle.unit-test";
		};
/* End PBXNativeTarget section */

/* Begin PBXProject section */
		5707689E1BF1DB4F00A5D7A3 /* Project object */ = {
			isa = PBXProject;
			attributes = {
				LastUpgradeCheck = 0630;
				ORGANIZATIONNAME = "关沛东";
				TargetAttributes = {
					570768A51BF1DB4F00A5D7A3 = {
						CreatedOnToolsVersion = 6.3.2;
					};
					570768BE1BF1DB4F00A5D7A3 = {
						CreatedOnToolsVersion = 6.3.2;
						TestTargetID = 570768A51BF1DB4F00A5D7A3;
					};
				};
			};
			buildConfigurationList = 570768A11BF1DB4F00A5D7A3 /* Build configuration list for PBXProject "LazyLoadingPageControlNavigation" */;
			compatibilityVersion = "Xcode 3.2";
			developmentRegion = English;
			hasScannedForEncodings = 0;
			knownRegions = (
				en,
				Base,
			);
			mainGroup = 5707689D1BF1DB4F00A5D7A3;
			productRefGroup = 570768A71BF1DB4F00A5D7A3 /* Products */;
			projectDirPath = "";
			projectRoot = "";
			targets = (
				570768A51BF1DB4F00A5D7A3 /* LazyLoadingPageControlNavigation */,
				570768BE1BF1DB4F00A5D7A3 /* LazyLoadingPageControlNavigationTests */,
			);
		};
/* End PBXProject section */

/* Begin PBXResourcesBuildPhase section */
		570768A41BF1DB4F00A5D7A3 /* Resources */ = {
			isa = PBXResourcesBuildPhase;
			buildActionMask = 2147483647;
			files = (
				570768D41BF1E1C900A5D7A3 /* 罗丹-思想者.png in Resources */,
				570768D31BF1E1C900A5D7A3 /* 保罗克利-肖像.png in Resources */,
				570768B51BF1DB4F00A5D7A3 /* Main.storyboard in Resources */,
				570768BA1BF1DB4F00A5D7A3 /* LaunchScreen.xib in Resources */,
				570768B71BF1DB4F00A5D7A3 /* Images.xcassets in Resources */,
				570768D51BF1E1C900A5D7A3 /* 达芬奇-蒙娜丽莎.png in Resources */,
			);
			runOnlyForDeploymentPostprocessing = 0;
		};
		570768BD1BF1DB4F00A5D7A3 /* Resources */ = {
			isa = PBXResourcesBuildPhase;
			buildActionMask = 2147483647;
			files = (
			);
			runOnlyForDeploymentPostprocessing = 0;
		};
/* End PBXResourcesBuildPhase section */

/* Begin PBXSourcesBuildPhase section */
		570768A21BF1DB4F00A5D7A3 /* Sources */ = {
			isa = PBXSourcesBuildPhase;
			buildActionMask = 2147483647;
			files = (
				570768B21BF1DB4F00A5D7A3 /* ViewController.m in Sources */,
				570768AF1BF1DB4F00A5D7A3 /* AppDelegate.m in Sources */,
				570768AC1BF1DB4F00A5D7A3 /* main.m in Sources */,
			);
			runOnlyForDeploymentPostprocessing = 0;
		};
		570768BB1BF1DB4F00A5D7A3 /* Sources */ = {
			isa = PBXSourcesBuildPhase;
			buildActionMask = 2147483647;
			files = (
				570768C61BF1DB4F00A5D7A3 /* LazyLoadingPageControlNavigationTests.m in Sources */,
			);
			runOnlyForDeploymentPostprocessing = 0;
		};
/* End PBXSourcesBuildPhase section */

/* Begin PBXTargetDependency section */
		570768C11BF1DB4F00A5D7A3 /* PBXTargetDependency */ = {
			isa = PBXTargetDependency;
			target = 570768A51BF1DB4F00A5D7A3 /* LazyLoadingPageControlNavigation */;
			targetProxy = 570768C01BF1DB4F00A5D7A3 /* PBXContainerItemProxy */;
		};
/* End PBXTargetDependency section */

/* Begin PBXVariantGroup section */
		570768B31BF1DB4F00A5D7A3 /* Main.storyboard */ = {
			isa = PBXVariantGroup;
			children = (
				570768B41BF1DB4F00A5D7A3 /* Base */,
			);
			name = Main.storyboard;
			sourceTree = "<group>";
		};
		570768B81BF1DB4F00A5D7A3 /* LaunchScreen.xib */ = {
			isa = PBXVariantGroup;
			children = (
				570768B91BF1DB4F00A5D7A3 /* Base */,
			);
			name = LaunchScreen.xib;
			sourceTree = "<group>";
		};
/* End PBXVariantGroup section */

/* Begin XCBuildConfiguration section */
		570768C71BF1DB4F00A5D7A3 /* Debug */ = {
			isa = XCBuildConfiguration;
			buildSettings = {
				ALWAYS_SEARCH_USER_PATHS = NO;
				CLANG_CXX_LANGUAGE_STANDARD = "gnu++0x";
				CLANG_CXX_LIBRARY = "libc++";
				CLANG_ENABLE_MODULES = YES;
				CLANG_ENABLE_OBJC_ARC = YES;
				CLANG_WARN_BOOL_CONVERSION = YES;
				CLANG_WARN_CONSTANT_CONVERSION = YES;
				CLANG_WARN_DIRECT_OBJC_ISA_USAGE = YES_ERROR;
				CLANG_WARN_EMPTY_BODY = YES;
				CLANG_WARN_ENUM_CONVERSION = YES;
				CLANG_WARN_INT_CONVERSION = YES;
				CLANG_WARN_OBJC_ROOT_CLASS = YES_ERROR;
				CLANG_WARN_UNREACHABLE_CODE = YES;
				CLANG_WARN__DUPLICATE_METHOD_MATCH = YES;
				"CODE_SIGN_IDENTITY[sdk=iphoneos*]" = "iPhone Developer";
				COPY_PHASE_STRIP = NO;
				DEBUG_INFORMATION_FORMAT = "dwarf-with-dsym";
				ENABLE_STRICT_OBJC_MSGSEND = YES;
				GCC_C_LANGUAGE_STANDARD = gnu99;
				GCC_DYNAMIC_NO_PIC = NO;
				GCC_NO_COMMON_BLOCKS = YES;
				GCC_OPTIMIZATION_LEVEL = 0;
				GCC_PREPROCESSOR_DEFINITIONS = (
					"DEBUG=1",
					"$(inherited)",
				);
				GCC_SYMBOLS_PRIVATE_EXTERN = NO;
				GCC_WARN_64_TO_32_BIT_CONVERSION = YES;
				GCC_WARN_ABOUT_RETURN_TYPE = YES_ERROR;
				GCC_WARN_UNDECLARED_SELECTOR = YES;
				GCC_WARN_UNINITIALIZED_AUTOS = YES_AGGRESSIVE;
				GCC_WARN_UNUSED_FUNCTION = YES;
				GCC_WARN_UNUSED_VARIABLE = YES;
				IPHONEOS_DEPLOYMENT_TARGET = 8.3;
				MTL_ENABLE_DEBUG_INFO = YES;
				ONLY_ACTIVE_ARCH = YES;
				SDKROOT = iphoneos;
			};
			name = Debug;
		};
		570768C81BF1DB4F00A5D7A3 /* Release */ = {
			isa = XCBuildConfiguration;
			buildSettings = {
				ALWAYS_SEARCH_USER_PATHS = NO;
				CLANG_CXX_LANGUAGE_STANDARD = "gnu++0x";
				CLANG_CXX_LIBRARY = "libc++";
				CLANG_ENABLE_MODULES = YES;
				CLANG_ENABLE_OBJC_ARC = YES;
				CLANG_WARN_BOOL_CONVERSION = YES;
				CLANG_WARN_CONSTANT_CONVERSION = YES;
				CLANG_WARN_DIRECT_OBJC_ISA_USAGE = YES_ERROR;
				CLANG_WARN_EMPTY_BODY = YES;
				CLANG_WARN_ENUM_CONVERSION = YES;
				CLANG_WARN_INT_CONVERSION = YES;
				CLANG_WARN_OBJC_ROOT_CLASS = YES_ERROR;
				CLANG_WARN_UNREACHABLE_CODE = YES;
				CLANG_WARN__DUPLICATE_METHOD_MATCH = YES;
				"CODE_SIGN_IDENTITY[sdk=iphoneos*]" = "iPhone Developer";
				COPY_PHASE_STRIP = NO;
				DEBUG_INFORMATION_FORMAT = "dwarf-with-dsym";
				ENABLE_NS_ASSERTIONS = NO;
				ENABLE_STRICT_OBJC_MSGSEND = YES;
				GCC_C_LANGUAGE_STANDARD = gnu99;
				GCC_NO_COMMON_BLOCKS = YES;
				GCC_WARN_64_TO_32_BIT_CONVERSION = YES;
				GCC_WARN_ABOUT_RETURN_TYPE = YES_ERROR;
				GCC_WARN_UNDECLARED_SELECTOR = YES;
				GCC_WARN_UNINITIALIZED_AUTOS = YES_AGGRESSIVE;
				GCC_WARN_UNUSED_FUNCTION = YES;
				GCC_WARN_UNUSED_VARIABLE = YES;
				IPHONEOS_DEPLOYMENT_TARGET = 8.3;
				MTL_ENABLE_DEBUG_INFO = NO;
				SDKROOT = iphoneos;
				VALIDATE_PRODUCT = YES;
			};
			name = Release;
		};
		570768CA1BF1DB4F00A5D7A3 /* Debug */ = {
			isa = XCBuildConfiguration;
			buildSettings = {
				ASSETCATALOG_COMPILER_APPICON_NAME = AppIcon;
				INFOPLIST_FILE = LazyLoadingPageControlNavigation/Info.plist;
				LD_RUNPATH_SEARCH_PATHS = "$(inherited) @executable_path/Frameworks";
				PRODUCT_NAME = "$(TARGET_NAME)";
			};
			name = Debug;
		};
		570768CB1BF1DB4F00A5D7A3 /* Release */ = {
			isa = XCBuildConfiguration;
			buildSettings = {
				ASSETCATALOG_COMPILER_APPICON_NAME = AppIcon;
				INFOPLIST_FILE = LazyLoadingPageControlNavigation/Info.plist;
				LD_RUNPATH_SEARCH_PATHS = "$(inherited) @executable_path/Frameworks";
				PRODUCT_NAME = "$(TARGET_NAME)";
			};
			name = Release;
		};
		570768CD1BF1DB4F00A5D7A3 /* Debug */ = {
			isa = XCBuildConfiguration;
			buildSettings = {
				BUNDLE_LOADER = "$(TEST_HOST)";
				FRAMEWORK_SEARCH_PATHS = (
					"$(SDKROOT)/Developer/Library/Frameworks",
					"$(inherited)",
				);
				GCC_PREPROCESSOR_DEFINITIONS = (
					"DEBUG=1",
					"$(inherited)",
				);
				INFOPLIST_FILE = LazyLoadingPageControlNavigationTests/Info.plist;
				LD_RUNPATH_SEARCH_PATHS = "$(inherited) @executable_path/Frameworks @loader_path/Frameworks";
				PRODUCT_NAME = "$(TARGET_NAME)";
				TEST_HOST = "$(BUILT_PRODUCTS_DIR)/LazyLoadingPageControlNavigation.app/LazyLoadingPageControlNavigation";
			};
			name = Debug;
		};
		570768CE1BF1DB4F00A5D7A3 /* Release */ = {
			isa = XCBuildConfiguration;
			buildSettings = {
				BUNDLE_LOADER = "$(TEST_HOST)";
				FRAMEWORK_SEARCH_PATHS = (
					"$(SDKROOT)/Developer/Library/Frameworks",
					"$(inherited)",
				);
				INFOPLIST_FILE = LazyLoadingPageControlNavigationTests/Info.plist;
				LD_RUNPATH_SEARCH_PATHS = "$(inherited) @executable_path/Frameworks @loader_path/Frameworks";
				PRODUCT_NAME = "$(TARGET_NAME)";
				TEST_HOST = "$(BUILT_PRODUCTS_DIR)/LazyLoadingPageControlNavigation.app/LazyLoadingPageControlNavigation";
			};
			name = Release;
		};
/* End XCBuildConfiguration section */

/* Begin XCConfigurationList section */
		570768A11BF1DB4F00A5D7A3 /* Build configuration list for PBXProject "LazyLoadingPageControlNavigation" */ = {
			isa = XCConfigurationList;
			buildConfigurations = (
				570768C71BF1DB4F00A5D7A3 /* Debug */,
				570768C81BF1DB4F00A5D7A3 /* Release */,
			);
			defaultConfigurationIsVisible = 0;
			defaultConfigurationName = Release;
		};
		570768C91BF1DB4F00A5D7A3 /* Build configuration list for PBXNativeTarget "LazyLoadingPageControlNavigation" */ = {
			isa = XCConfigurationList;
			buildConfigurations = (
				570768CA1BF1DB4F00A5D7A3 /* Debug */,
				570768CB1BF1DB4F00A5D7A3 /* Release */,
			);
			defaultConfigurationIsVisible = 0;
		};
		570768CC1BF1DB4F00A5D7A3 /* Build configuration list for PBXNativeTarget "LazyLoadingPageControlNavigationTests" */ = {
			isa = XCConfigurationList;
			buildConfigurations = (
				570768CD1BF1DB4F00A5D7A3 /* Debug */,
				570768CE1BF1DB4F00A5D7A3 /* Release */,
			);
			defaultConfigurationIsVisible = 0;
		};
/* End XCConfigurationList section */
	};
	rootObject = 5707689E1BF1DB4F00A5D7A3 /* Project object */;
}
